// !$*UTF8*$!
{
	archiveVersion = 1;
	classes = {
	};
	objectVersion = 56;
	objects = {

/* Begin PBXBuildFile section */
		6FDACE772B0D91860058E1B4 /* StupidathonApp.swift in Sources */ = {isa = PBXBuildFile; fileRef = 6FDACE762B0D91860058E1B4 /* StupidathonApp.swift */; };
		6FDACE792B0D91860058E1B4 /* ContentView.swift in Sources */ = {isa = PBXBuildFile; fileRef = 6FDACE782B0D91860058E1B4 /* ContentView.swift */; };
		6FDACE7B2B0D91880058E1B4 /* Assets.xcassets in Resources */ = {isa = PBXBuildFile; fileRef = 6FDACE7A2B0D91880058E1B4 /* Assets.xcassets */; };
		6FDACE7E2B0D91880058E1B4 /* Preview Assets.xcassets in Resources */ = {isa = PBXBuildFile; fileRef = 6FDACE7D2B0D91880058E1B4 /* Preview Assets.xcassets */; };
		6FDACE852B0DA6140058E1B4 /* infoView.swift in Sources */ = {isa = PBXBuildFile; fileRef = 6FDACE842B0DA6140058E1B4 /* infoView.swift */; };
		6FDACE872B0DA9850058E1B4 /* PrimaryView.swift in Sources */ = {isa = PBXBuildFile; fileRef = 6FDACE862B0DA9850058E1B4 /* PrimaryView.swift */; };
		6FDACE892B0DA99E0058E1B4 /* SecondaryView.swift in Sources */ = {isa = PBXBuildFile; fileRef = 6FDACE882B0DA99E0058E1B4 /* SecondaryView.swift */; };
		6FDACE8C2B0DC3650058E1B4 /* Welcome to this app where it is useless yet entertaining.m4a in Resources */ = {isa = PBXBuildFile; fileRef = 6FDACE8B2B0DC3650058E1B4 /* Welcome to this app where it is useless yet entertaining.m4a */; };
		6FDACE8E2B0DC4810058E1B4 /* Welcome.m4a in Resources */ = {isa = PBXBuildFile; fileRef = 6FDACE8D2B0DC4810058E1B4 /* Welcome.m4a */; };
/* End PBXBuildFile section */

/* Begin PBXFileReference section */
		6FDACE732B0D91860058E1B4 /* Stupidathon.app */ = {isa = PBXFileReference; explicitFileType = wrapper.application; includeInIndex = 0; path = Stupidathon.app; sourceTree = BUILT_PRODUCTS_DIR; };
		6FDACE762B0D91860058E1B4 /* StupidathonApp.swift */ = {isa = PBXFileReference; lastKnownFileType = sourcecode.swift; path = StupidathonApp.swift; sourceTree = "<group>"; };
		6FDACE782B0D91860058E1B4 /* ContentView.swift */ = {isa = PBXFileReference; lastKnownFileType = sourcecode.swift; path = ContentView.swift; sourceTree = "<group>"; };
		6FDACE7A2B0D91880058E1B4 /* Assets.xcassets */ = {isa = PBXFileReference; lastKnownFileType = folder.assetcatalog; path = Assets.xcassets; sourceTree = "<group>"; };
		6FDACE7D2B0D91880058E1B4 /* Preview Assets.xcassets */ = {isa = PBXFileReference; lastKnownFileType = folder.assetcatalog; path = "Preview Assets.xcassets"; sourceTree = "<group>"; };
		6FDACE842B0DA6140058E1B4 /* infoView.swift */ = {isa = PBXFileReference; lastKnownFileType = sourcecode.swift; path = infoView.swift; sourceTree = "<group>"; };
		6FDACE862B0DA9850058E1B4 /* PrimaryView.swift */ = {isa = PBXFileReference; lastKnownFileType = sourcecode.swift; path = PrimaryView.swift; sourceTree = "<group>"; };
		6FDACE882B0DA99E0058E1B4 /* SecondaryView.swift */ = {isa = PBXFileReference; lastKnownFileType = sourcecode.swift; path = SecondaryView.swift; sourceTree = "<group>"; };
		6FDACE8B2B0DC3650058E1B4 /* Welcome to this app where it is useless yet entertaining.m4a */ = {isa = PBXFileReference; lastKnownFileType = file; path = "Welcome to this app where it is useless yet entertaining.m4a"; sourceTree = "<group>"; };
		6FDACE8D2B0DC4810058E1B4 /* Welcome.m4a */ = {isa = PBXFileReference; lastKnownFileType = file; path = Welcome.m4a; sourceTree = "<group>"; };
/* End PBXFileReference section */

/* Begin PBXFrameworksBuildPhase section */
		6FDACE702B0D91860058E1B4 /* Frameworks */ = {
			isa = PBXFrameworksBuildPhase;
			buildActionMask = 2147483647;
			files = (
			);
			runOnlyForDeploymentPostprocessing = 0;
		};
/* End PBXFrameworksBuildPhase section */

/* Begin PBXGroup section */
		6FDACE6A2B0D91860058E1B4 = {
			isa = PBXGroup;
			children = (
				6FDACE752B0D91860058E1B4 /* Stupidathon */,
				6FDACE742B0D91860058E1B4 /* Products */,
			);
			sourceTree = "<group>";
		};
		6FDACE742B0D91860058E1B4 /* Products */ = {
			isa = PBXGroup;
			children = (
				6FDACE732B0D91860058E1B4 /* Stupidathon.app */,
			);
			name = Products;
			sourceTree = "<group>";
		};
		6FDACE752B0D91860058E1B4 /* Stupidathon */ = {
			isa = PBXGroup;
			children = (
				6FDACE762B0D91860058E1B4 /* StupidathonApp.swift */,
				6FDACE782B0D91860058E1B4 /* ContentView.swift */,
				6FDACE842B0DA6140058E1B4 /* infoView.swift */,
				6FDACE862B0DA9850058E1B4 /* PrimaryView.swift */,
				6FDACE882B0DA99E0058E1B4 /* SecondaryView.swift */,
				6FDACE8A2B0DC2F00058E1B4 /* audios */,
				6FDACE7A2B0D91880058E1B4 /* Assets.xcassets */,
				6FDACE7C2B0D91880058E1B4 /* Preview Content */,
			);
			path = Stupidathon;
			sourceTree = "<group>";
		};
		6FDACE7C2B0D91880058E1B4 /* Preview Content */ = {
			isa = PBXGroup;
			children = (
				6FDACE902B0DC7890058E1B4 /* picture */,
				6FDACE7D2B0D91880058E1B4 /* Preview Assets.xcassets */,
			);
			path = "Preview Content";
			sourceTree = "<group>";
		};
		6FDACE8A2B0DC2F00058E1B4 /* audios */ = {
			isa = PBXGroup;
			children = (
				6FDACE8B2B0DC3650058E1B4 /* Welcome to this app where it is useless yet entertaining.m4a */,
				6FDACE8D2B0DC4810058E1B4 /* Welcome.m4a */,
			);
			path = audios;
			sourceTree = "<group>";
		};
		6FDACE902B0DC7890058E1B4 /* picture */ = {
			isa = PBXGroup;
			children = (
			);
			path = picture;
			sourceTree = "<group>";
		};
/* End PBXGroup section */

/* Begin PBXNativeTarget section */
		6FDACE722B0D91860058E1B4 /* Stupidathon */ = {
			isa = PBXNativeTarget;
			buildConfigurationList = 6FDACE812B0D91880058E1B4 /* Build configuration list for PBXNativeTarget "Stupidathon" */;
			buildPhases = (
				6FDACE6F2B0D91860058E1B4 /* Sources */,
				6FDACE702B0D91860058E1B4 /* Frameworks */,
				6FDACE712B0D91860058E1B4 /* Resources */,
			);
			buildRules = (
			);
			dependencies = (
			);
			name = Stupidathon;
			productName = Stupidathon;
			productReference = 6FDACE732B0D91860058E1B4 /* Stupidathon.app */;
			productType = "com.apple.product-type.application";
		};
/* End PBXNativeTarget section */

/* Begin PBXProject section */
		6FDACE6B2B0D91860058E1B4 /* Project object */ = {
			isa = PBXProject;
			attributes = {
				BuildIndependentTargetsInParallel = 1;
				LastSwiftUpdateCheck = 1430;
				LastUpgradeCheck = 1430;
				TargetAttributes = {
					6FDACE722B0D91860058E1B4 = {
						CreatedOnToolsVersion = 14.3.1;
					};
				};
			};
			buildConfigurationList = 6FDACE6E2B0D91860058E1B4 /* Build configuration list for PBXProject "Stupidathon" */;
			compatibilityVersion = "Xcode 14.0";
			developmentRegion = en;
			hasScannedForEncodings = 0;
			knownRegions = (
				en,
				Base,
			);
			mainGroup = 6FDACE6A2B0D91860058E1B4;
			productRefGroup = 6FDACE742B0D91860058E1B4 /* Products */;
			projectDirPath = "";
			projectRoot = "";
			targets = (
				6FDACE722B0D91860058E1B4 /* Stupidathon */,
			);
		};
/* End PBXProject section */

/* Begin PBXResourcesBuildPhase section */
		6FDACE712B0D91860058E1B4 /* Resources */ = {
			isa = PBXResourcesBuildPhase;
			buildActionMask = 2147483647;
			files = (
				6FDACE7E2B0D91880058E1B4 /* Preview Assets.xcassets in Resources */,
				6FDACE7B2B0D91880058E1B4 /* Assets.xcassets in Resources */,
				6FDACE8C2B0DC3650058E1B4 /* Welcome to this app where it is useless yet entertaining.m4a in Resources */,
				6FDACE8E2B0DC4810058E1B4 /* Welcome.m4a in Resources */,
			);
			runOnlyForDeploymentPostprocessing = 0;
		};
/* End PBXResourcesBuildPhase section */

/* Begin PBXSourcesBuildPhase section */
		6FDACE6F2B0D91860058E1B4 /* Sources */ = {
			isa = PBXSourcesBuildPhase;
			buildActionMask = 2147483647;
			files = (
				6FDACE852B0DA6140058E1B4 /* infoView.swift in Sources */,
				6FDACE792B0D91860058E1B4 /* ContentView.swift in Sources */,
				6FDACE892B0DA99E0058E1B4 /* SecondaryView.swift in Sources */,
				6FDACE772B0D91860058E1B4 /* StupidathonApp.swift in Sources */,
				6FDACE872B0DA9850058E1B4 /* PrimaryView.swift in Sources */,
			);
			runOnlyForDeploymentPostprocessing = 0;
		};
/* End PBXSourcesBuildPhase section */

/* Begin XCBuildConfiguration section */
		6FDACE7F2B0D91880058E1B4 /* Debug */ = {
			isa = XCBuildConfiguration;
			buildSettings = {
				ALWAYS_SEARCH_USER_PATHS = NO;
				CLANG_ANALYZER_NONNULL = YES;
				CLANG_ANALYZER_NUMBER_OBJECT_CONVERSION = YES_AGGRESSIVE;
				CLANG_CXX_LANGUAGE_STANDARD = "gnu++20";
				CLANG_ENABLE_MODULES = YES;
				CLANG_ENABLE_OBJC_ARC = YES;
				CLANG_ENABLE_OBJC_WEAK = YES;
				CLANG_WARN_BLOCK_CAPTURE_AUTORELEASING = YES;
				CLANG_WARN_BOOL_CONVERSION = YES;
				CLANG_WARN_COMMA = YES;
				CLANG_WARN_CONSTANT_CONVERSION = YES;
				CLANG_WARN_DEPRECATED_OBJC_IMPLEMENTATIONS = YES;
				CLANG_WARN_DIRECT_OBJC_ISA_USAGE = YES_ERROR;
				CLANG_WARN_DOCUMENTATION_COMMENTS = YES;
				CLANG_WARN_EMPTY_BODY = YES;
				CLANG_WARN_ENUM_CONVERSION = YES;
				CLANG_WARN_INFINITE_RECURSION = YES;
				CLANG_WARN_INT_CONVERSION = YES;
				CLANG_WARN_NON_LITERAL_NULL_CONVERSION = YES;
				CLANG_WARN_OBJC_IMPLICIT_RETAIN_SELF = YES;
				CLANG_WARN_OBJC_LITERAL_CONVERSION = YES;
				CLANG_WARN_OBJC_ROOT_CLASS = YES_ERROR;
				CLANG_WARN_QUOTED_INCLUDE_IN_FRAMEWORK_HEADER = YES;
				CLANG_WARN_RANGE_LOOP_ANALYSIS = YES;
				CLANG_WARN_STRICT_PROTOTYPES = YES;
				CLANG_WARN_SUSPICIOUS_MOVE = YES;
				CLANG_WARN_UNGUARDED_AVAILABILITY = YES_AGGRESSIVE;
				CLANG_WARN_UNREACHABLE_CODE = YES;
				CLANG_WARN__DUPLICATE_METHOD_MATCH = YES;
				COPY_PHASE_STRIP = NO;
				DEBUG_INFORMATION_FORMAT = dwarf;
				ENABLE_STRICT_OBJC_MSGSEND = YES;
				ENABLE_TESTABILITY = YES;
				GCC_C_LANGUAGE_STANDARD = gnu11;
				GCC_DYNAMIC_NO_PIC = NO;
				GCC_NO_COMMON_BLOCKS = YES;
				GCC_OPTIMIZATION_LEVEL = 0;
				GCC_PREPROCESSOR_DEFINITIONS = (
					"DEBUG=1",
					"$(inherited)",
				);
				GCC_WARN_64_TO_32_BIT_CONVERSION = YES;
				GCC_WARN_ABOUT_RETURN_TYPE = YES_ERROR;
				GCC_WARN_UNDECLARED_SELECTOR = YES;
				GCC_WARN_UNINITIALIZED_AUTOS = YES_AGGRESSIVE;
				GCC_WARN_UNUSED_FUNCTION = YES;
				GCC_WARN_UNUSED_VARIABLE = YES;
				IPHONEOS_DEPLOYMENT_TARGET = 16.4;
				MTL_ENABLE_DEBUG_INFO = INCLUDE_SOURCE;
				MTL_FAST_MATH = YES;
				ONLY_ACTIVE_ARCH = YES;
				SDKROOT = iphoneos;
				SWIFT_ACTIVE_COMPILATION_CONDITIONS = DEBUG;
				SWIFT_OPTIMIZATION_LEVEL = "-Onone";
			};
			name = Debug;
		};
		6FDACE802B0D91880058E1B4 /* Release */ = {
			isa = XCBuildConfiguration;
			buildSettings = {
				ALWAYS_SEARCH_USER_PATHS = NO;
				CLANG_ANALYZER_NONNULL = YES;
				CLANG_ANALYZER_NUMBER_OBJECT_CONVERSION = YES_AGGRESSIVE;
				CLANG_CXX_LANGUAGE_STANDARD = "gnu++20";
				CLANG_ENABLE_MODULES = YES;
				CLANG_ENABLE_OBJC_ARC = YES;
				CLANG_ENABLE_OBJC_WEAK = YES;
				CLANG_WARN_BLOCK_CAPTURE_AUTORELEASING = YES;
				CLANG_WARN_BOOL_CONVERSION = YES;
				CLANG_WARN_COMMA = YES;
				CLANG_WARN_CONSTANT_CONVERSION = YES;
				CLANG_WARN_DEPRECATED_OBJC_IMPLEMENTATIONS = YES;
				CLANG_WARN_DIRECT_OBJC_ISA_USAGE = YES_ERROR;
				CLANG_WARN_DOCUMENTATION_COMMENTS = YES;
				CLANG_WARN_EMPTY_BODY = YES;
				CLANG_WARN_ENUM_CONVERSION = YES;
				CLANG_WARN_INFINITE_RECURSION = YES;
				CLANG_WARN_INT_CONVERSION = YES;
				CLANG_WARN_NON_LITERAL_NULL_CONVERSION = YES;
				CLANG_WARN_OBJC_IMPLICIT_RETAIN_SELF = YES;
				CLANG_WARN_OBJC_LITERAL_CONVERSION = YES;
				CLANG_WARN_OBJC_ROOT_CLASS = YES_ERROR;
				CLANG_WARN_QUOTED_INCLUDE_IN_FRAMEWORK_HEADER = YES;
				CLANG_WARN_RANGE_LOOP_ANALYSIS = YES;
				CLANG_WARN_STRICT_PROTOTYPES = YES;
				CLANG_WARN_SUSPICIOUS_MOVE = YES;
				CLANG_WARN_UNGUARDED_AVAILABILITY = YES_AGGRESSIVE;
				CLANG_WARN_UNREACHABLE_CODE = YES;
				CLANG_WARN__DUPLICATE_METHOD_MATCH = YES;
				COPY_PHASE_STRIP = NO;
				DEBUG_INFORMATION_FORMAT = "dwarf-with-dsym";
				ENABLE_NS_ASSERTIONS = NO;
				ENABLE_STRICT_OBJC_MSGSEND = YES;
				GCC_C_LANGUAGE_STANDARD = gnu11;
				GCC_NO_COMMON_BLOCKS = YES;
				GCC_WARN_64_TO_32_BIT_CONVERSION = YES;
				GCC_WARN_ABOUT_RETURN_TYPE = YES_ERROR;
				GCC_WARN_UNDECLARED_SELECTOR = YES;
				GCC_WARN_UNINITIALIZED_AUTOS = YES_AGGRESSIVE;
				GCC_WARN_UNUSED_FUNCTION = YES;
				GCC_WARN_UNUSED_VARIABLE = YES;
				IPHONEOS_DEPLOYMENT_TARGET = 16.4;
				MTL_ENABLE_DEBUG_INFO = NO;
				MTL_FAST_MATH = YES;
				SDKROOT = iphoneos;
				SWIFT_COMPILATION_MODE = wholemodule;
				SWIFT_OPTIMIZATION_LEVEL = "-O";
				VALIDATE_PRODUCT = YES;
			};
			name = Release;
		};
		6FDACE822B0D91880058E1B4 /* Debug */ = {
			isa = XCBuildConfiguration;
			buildSettings = {
				ASSETCATALOG_COMPILER_APPICON_NAME = AppIcon;
				ASSETCATALOG_COMPILER_GLOBAL_ACCENT_COLOR_NAME = AccentColor;
				CODE_SIGN_STYLE = Automatic;
				CURRENT_PROJECT_VERSION = 1;
				DEVELOPMENT_ASSET_PATHS = "\"Stupidathon/Preview Content\"";
				ENABLE_PREVIEWS = YES;
				GENERATE_INFOPLIST_FILE = YES;
				INFOPLIST_KEY_UIApplicationSceneManifest_Generation = YES;
				INFOPLIST_KEY_UIApplicationSupportsIndirectInputEvents = YES;
				INFOPLIST_KEY_UILaunchScreen_Generation = YES;
				INFOPLIST_KEY_UISupportedInterfaceOrientations_iPad = "UIInterfaceOrientationPortrait UIInterfaceOrientationPortraitUpsideDown UIInterfaceOrientationLandscapeLeft UIInterfaceOrientationLandscapeRight";
				INFOPLIST_KEY_UISupportedInterfaceOrientations_iPhone = "UIInterfaceOrientationPortrait UIInterfaceOrientationLandscapeLeft UIInterfaceOrientationLandscapeRight";
				LD_RUNPATH_SEARCH_PATHS = (
					"$(inherited)",
					"@executable_path/Frameworks",
				);
				MARKETING_VERSION = 1.0;
				PRODUCT_BUNDLE_IDENTIFIER = swift.Stupidathon;
				PRODUCT_NAME = "$(TARGET_NAME)";
				SWIFT_EMIT_LOC_STRINGS = YES;
				SWIFT_VERSION = 5.0;
				TARGETED_DEVICE_FAMILY = "1,2";
			};
			name = Debug;
		};
		6FDACE832B0D91880058E1B4 /* Release */ = {
			isa = XCBuildConfiguration;
			buildSettings = {
				ASSETCATALOG_COMPILER_APPICON_NAME = AppIcon;
				ASSETCATALOG_COMPILER_GLOBAL_ACCENT_COLOR_NAME = AccentColor;
				CODE_SIGN_STYLE = Automatic;
				CURRENT_PROJECT_VERSION = 1;
				DEVELOPMENT_ASSET_PATHS = "\"Stupidathon/Preview Content\"";
				ENABLE_PREVIEWS = YES;
				GENERATE_INFOPLIST_FILE = YES;
				INFOPLIST_KEY_UIApplicationSceneManifest_Generation = YES;
				INFOPLIST_KEY_UIApplicationSupportsIndirectInputEvents = YES;
				INFOPLIST_KEY_UILaunchScreen_Generation = YES;
				INFOPLIST_KEY_UISupportedInterfaceOrientations_iPad = "UIInterfaceOrientationPortrait UIInterfaceOrientationPortraitUpsideDown UIInterfaceOrientationLandscapeLeft UIInterfaceOrientationLandscapeRight";
				INFOPLIST_KEY_UISupportedInterfaceOrientations_iPhone = "UIInterfaceOrientationPortrait UIInterfaceOrientationLandscapeLeft UIInterfaceOrientationLandscapeRight";
				LD_RUNPATH_SEARCH_PATHS = (
					"$(inherited)",
					"@executable_path/Frameworks",
				);
				MARKETING_VERSION = 1.0;
				PRODUCT_BUNDLE_IDENTIFIER = swift.Stupidathon;
				PRODUCT_NAME = "$(TARGET_NAME)";
				SWIFT_EMIT_LOC_STRINGS = YES;
				SWIFT_VERSION = 5.0;
				TARGETED_DEVICE_FAMILY = "1,2";
			};
			name = Release;
		};
/* End XCBuildConfiguration section */

/* Begin XCConfigurationList section */
		6FDACE6E2B0D91860058E1B4 /* Build configuration list for PBXProject "Stupidathon" */ = {
			isa = XCConfigurationList;
			buildConfigurations = (
				6FDACE7F2B0D91880058E1B4 /* Debug */,
				6FDACE802B0D91880058E1B4 /* Release */,
			);
			defaultConfigurationIsVisible = 0;
			defaultConfigurationName = Release;
		};
		6FDACE812B0D91880058E1B4 /* Build configuration list for PBXNativeTarget "Stupidathon" */ = {
			isa = XCConfigurationList;
			buildConfigurations = (
				6FDACE822B0D91880058E1B4 /* Debug */,
				6FDACE832B0D91880058E1B4 /* Release */,
			);
			defaultConfigurationIsVisible = 0;
			defaultConfigurationName = Release;
		};
/* End XCConfigurationList section */
	};
	rootObject = 6FDACE6B2B0D91860058E1B4 /* Project object */;
}
